<?xml version="1.0" encoding="utf-8"?>
<Project ToolsVersion="4.0" xmlns="http://schemas.microsoft.com/developer/msbuild/2003">
  <ItemGroup>
    <Filter Include="Source Files">
      <UniqueIdentifier>{4FC737F1-C7A5-4376-A066-2A32D752A2FF}</UniqueIdentifier>
      <Extensions>cpp;c;cc;cxx;def;odl;idl;hpj;bat;asm;asmx</Extensions>
    </Filter>
    <Filter Include="Header Files">
      <UniqueIdentifier>{93995380-89BD-4b04-88EB-625FBE52EBFB}</UniqueIdentifier>
      <Extensions>h;hh;hpp;hxx;hm;inl;inc;xsd</Extensions>
    </Filter>
    <Filter Include="Resource Files">
      <UniqueIdentifier>{67DA6AB6-F800-4c08-8B7A-83BB121AAD01}</UniqueIdentifier>
      <Extensions>rc;ico;cur;bmp;dlg;rc2;rct;bin;rgs;gif;jpg;jpeg;jpe;resx;tiff;tif;png;wav</Extensions>
    </Filter>
  </ItemGroup>
  <ItemGroup>
    <ClCompile Include="AggregateToScalar.cpp">
      <Filter>Source Files</Filter>
    </ClCompile>
    <ClCompile Include="BinOpSimplification.cpp">
      <Filter>Source Files</Filter>
    </ClCompile>
    <ClCompile Include="CallExprToValue.cpp">
      <Filter>Source Files</Filter>
    </ClCompile>
    <ClCompile Include="ClangDelta.cpp">
      <Filter>Source Files</Filter>
    </ClCompile>
    <ClCompile Include="ClassTemplateToClass.cpp">
      <Filter>Source Files</Filter>
    </ClCompile>
    <ClCompile Include="CombineGlobalVarDecl.cpp">
      <Filter>Source Files</Filter>
    </ClCompile>
    <ClCompile Include="CombineLocalVarDecl.cpp">
      <Filter>Source Files</Filter>
    </ClCompile>
    <ClCompile Include="CopyPropagation.cpp">
      <Filter>Source Files</Filter>
    </ClCompile>
    <ClCompile Include="EmptyStructToInt.cpp">
      <Filter>Source Files</Filter>
    </ClCompile>
    <ClCompile Include="InstantiateTemplateParam.cpp">
      <Filter>Source Files</Filter>
    </ClCompile>
    <ClCompile Include="InstantiateTemplateTypeParamToInt.cpp">
      <Filter>Source Files</Filter>
    </ClCompile>
    <ClCompile Include="LiftAssignmentExpr.cpp">
      <Filter>Source Files</Filter>
    </ClCompile>
    <ClCompile Include="LocalToGlobal.cpp">
      <Filter>Source Files</Filter>
    </ClCompile>
    <ClCompile Include="MoveFunctionBody.cpp">
      <Filter>Source Files</Filter>
    </ClCompile>
    <ClCompile Include="MoveGlobalVar.cpp">
      <Filter>Source Files</Filter>
    </ClCompile>
    <ClCompile Include="ParamToGlobal.cpp">
      <Filter>Source Files</Filter>
    </ClCompile>
    <ClCompile Include="ParamToLocal.cpp">
      <Filter>Source Files</Filter>
    </ClCompile>
    <ClCompile Include="ReduceArrayDim.cpp">
      <Filter>Source Files</Filter>
    </ClCompile>
    <ClCompile Include="ReduceArraySize.cpp">
      <Filter>Source Files</Filter>
    </ClCompile>
    <ClCompile Include="ReduceClassTemplateParameter.cpp">
      <Filter>Source Files</Filter>
    </ClCompile>
    <ClCompile Include="ReducePointerLevel.cpp">
      <Filter>Source Files</Filter>
    </ClCompile>
    <ClCompile Include="ReducePointerPairs.cpp">
      <Filter>Source Files</Filter>
    </ClCompile>
    <ClCompile Include="RemoveAddrTaken.cpp">
      <Filter>Source Files</Filter>
    </ClCompile>
    <ClCompile Include="RemoveArray.cpp">
      <Filter>Source Files</Filter>
    </ClCompile>
    <ClCompile Include="RemoveBaseClass.cpp">
      <Filter>Source Files</Filter>
    </ClCompile>
    <ClCompile Include="RemoveCtorInitializer.cpp">
      <Filter>Source Files</Filter>
    </ClCompile>
    <ClCompile Include="RemoveEnumMemberValue.cpp">
      <Filter>Source Files</Filter>
    </ClCompile>
    <ClCompile Include="RemoveNamespace.cpp">
      <Filter>Source Files</Filter>
    </ClCompile>
    <ClCompile Include="RemoveNestedFunction.cpp">
      <Filter>Source Files</Filter>
    </ClCompile>
    <ClCompile Include="RemovePointer.cpp">
      <Filter>Source Files</Filter>
    </ClCompile>
    <ClCompile Include="RemoveTrivialBaseTemplate.cpp">
      <Filter>Source Files</Filter>
    </ClCompile>
    <ClCompile Include="RemoveUnresolvedBase.cpp">
      <Filter>Source Files</Filter>
    </ClCompile>
    <ClCompile Include="RemoveUnusedEnumMember.cpp">
      <Filter>Source Files</Filter>
    </ClCompile>
    <ClCompile Include="RemoveUnusedFunction.cpp">
      <Filter>Source Files</Filter>
    </ClCompile>
    <ClCompile Include="RemoveUnusedOuterClass.cpp">
      <Filter>Source Files</Filter>
    </ClCompile>
    <ClCompile Include="RemoveUnusedStructField.cpp">
      <Filter>Source Files</Filter>
    </ClCompile>
    <ClCompile Include="RemoveUnusedVar.cpp">
      <Filter>Source Files</Filter>
    </ClCompile>
    <ClCompile Include="RenameClass.cpp">
      <Filter>Source Files</Filter>
    </ClCompile>
    <ClCompile Include="RenameCXXMethod.cpp">
      <Filter>Source Files</Filter>
    </ClCompile>
    <ClCompile Include="RenameFun.cpp">
      <Filter>Source Files</Filter>
    </ClCompile>
    <ClCompile Include="RenameParam.cpp">
      <Filter>Source Files</Filter>
    </ClCompile>
    <ClCompile Include="RenameVar.cpp">
      <Filter>Source Files</Filter>
    </ClCompile>
    <ClCompile Include="ReplaceArrayIndexVar.cpp">
      <Filter>Source Files</Filter>
    </ClCompile>
    <ClCompile Include="ReplaceCallExpr.cpp">
      <Filter>Source Files</Filter>
    </ClCompile>
    <ClCompile Include="ReplaceClassWithBaseTemplateSpec.cpp">
      <Filter>Source Files</Filter>
    </ClCompile>
    <ClCompile Include="ReplaceDependentName.cpp">
      <Filter>Source Files</Filter>
    </ClCompile>
    <ClCompile Include="ReplaceDependentTypedef.cpp">
      <Filter>Source Files</Filter>
    </ClCompile>
    <ClCompile Include="ReplaceDerivedClass.cpp">
      <Filter>Source Files</Filter>
    </ClCompile>
    <ClCompile Include="ReplaceFunctionDefWithDecl.cpp">
      <Filter>Source Files</Filter>
    </ClCompile>
    <ClCompile Include="ReplaceOneLevelTypedefType.cpp">
      <Filter>Source Files</Filter>
    </ClCompile>
    <ClCompile Include="ReplaceSimpleTypedef.cpp">
      <Filter>Source Files</Filter>
    </ClCompile>
    <ClCompile Include="ReplaceUndefinedFunction.cpp">
      <Filter>Source Files</Filter>
    </ClCompile>
    <ClCompile Include="ReturnVoid.cpp">
      <Filter>Source Files</Filter>
    </ClCompile>
    <ClCompile Include="RewriteUtils.cpp">
      <Filter>Source Files</Filter>
    </ClCompile>
    <ClCompile Include="SimpleInliner.cpp">
      <Filter>Source Files</Filter>
    </ClCompile>
    <ClCompile Include="SimplifyCallExpr.cpp">
      <Filter>Source Files</Filter>
    </ClCompile>
    <ClCompile Include="SimplifyCommaExpr.cpp">
      <Filter>Source Files</Filter>
    </ClCompile>
    <ClCompile Include="SimplifyDependentTypedef.cpp">
      <Filter>Source Files</Filter>
    </ClCompile>
    <ClCompile Include="SimplifyIf.cpp">
      <Filter>Source Files</Filter>
    </ClCompile>
    <ClCompile Include="SimplifyNestedClass.cpp">
      <Filter>Source Files</Filter>
    </ClCompile>
    <ClCompile Include="SimplifyRecursiveTemplateInstantiation.cpp">
      <Filter>Source Files</Filter>
    </ClCompile>
    <ClCompile Include="SimplifyStruct.cpp">
      <Filter>Source Files</Filter>
    </ClCompile>
    <ClCompile Include="SimplifyStructUnionDecl.cpp">
      <Filter>Source Files</Filter>
    </ClCompile>
    <ClCompile Include="TemplateArgToInt.cpp">
      <Filter>Source Files</Filter>
    </ClCompile>
    <ClCompile Include="TemplateNonTypeArgToInt.cpp">
      <Filter>Source Files</Filter>
    </ClCompile>
    <ClCompile Include="Transformation.cpp">
      <Filter>Source Files</Filter>
    </ClCompile>
    <ClCompile Include="TransformationManager.cpp">
      <Filter>Source Files</Filter>
    </ClCompile>
    <ClCompile Include="UnifyFunctionDecl.cpp">
      <Filter>Source Files</Filter>
    </ClCompile>
    <ClCompile Include="UnionToStruct.cpp">
      <Filter>Source Files</Filter>
    </ClCompile>
  </ItemGroup>
  <ItemGroup>
    <ClInclude Include="AggregateToScalar.h">
      <Filter>Header Files</Filter>
    </ClInclude>
    <ClInclude Include="BinOpSimplification.h">
      <Filter>Header Files</Filter>
    </ClInclude>
    <ClInclude Include="CallExprToValue.h">
      <Filter>Header Files</Filter>
    </ClInclude>
    <ClInclude Include="ClassTemplateToClass.h">
      <Filter>Header Files</Filter>
    </ClInclude>
    <ClInclude Include="CombineGlobalVarDecl.h">
      <Filter>Header Files</Filter>
    </ClInclude>
    <ClInclude Include="CombineLocalVarDecl.h">
      <Filter>Header Files</Filter>
    </ClInclude>
    <ClInclude Include="CommonParameterRewriteVisitor.h">
      <Filter>Header Files</Filter>
    </ClInclude>
    <ClInclude Include="CommonRenameClassRewriteVisitor.h">
      <Filter>Header Files</Filter>
    </ClInclude>
    <ClInclude Include="CommonStatementVisitor.h">
      <Filter>Header Files</Filter>
    </ClInclude>
    <ClInclude Include="CommonTemplateArgumentVisitor.h">
      <Filter>Header Files</Filter>
    </ClInclude>
    <ClInclude Include="CopyPropagation.h">
      <Filter>Header Files</Filter>
    </ClInclude>
    <ClInclude Include="EmptyStructToInt.h">
      <Filter>Header Files</Filter>
    </ClInclude>
    <ClInclude Include="InstantiateTemplateParam.h">
      <Filter>Header Files</Filter>
    </ClInclude>
    <ClInclude Include="InstantiateTemplateTypeParamToInt.h">
      <Filter>Header Files</Filter>
    </ClInclude>
    <ClInclude Include="LiftAssignmentExpr.h">
      <Filter>Header Files</Filter>
    </ClInclude>
    <ClInclude Include="LocalToGlobal.h">
      <Filter>Header Files</Filter>
    </ClInclude>
    <ClInclude Include="MoveFunctionBody.h">
      <Filter>Header Files</Filter>
    </ClInclude>
    <ClInclude Include="MoveGlobalVar.h">
      <Filter>Header Files</Filter>
    </ClInclude>
    <ClInclude Include="ParamToGlobal.h">
      <Filter>Header Files</Filter>
    </ClInclude>
    <ClInclude Include="ParamToLocal.h">
      <Filter>Header Files</Filter>
    </ClInclude>
    <ClInclude Include="ReduceArrayDim.h">
      <Filter>Header Files</Filter>
    </ClInclude>
    <ClInclude Include="ReduceArraySize.h">
      <Filter>Header Files</Filter>
    </ClInclude>
    <ClInclude Include="ReduceClassTemplateParameter.h">
      <Filter>Header Files</Filter>
    </ClInclude>
    <ClInclude Include="ReducePointerLevel.h">
      <Filter>Header Files</Filter>
    </ClInclude>
    <ClInclude Include="ReducePointerPairs.h">
      <Filter>Header Files</Filter>
    </ClInclude>
    <ClInclude Include="RemoveAddrTaken.h">
      <Filter>Header Files</Filter>
    </ClInclude>
    <ClInclude Include="RemoveArray.h">
      <Filter>Header Files</Filter>
    </ClInclude>
    <ClInclude Include="RemoveBaseClass.h">
      <Filter>Header Files</Filter>
    </ClInclude>
    <ClInclude Include="RemoveCtorInitializer.h">
      <Filter>Header Files</Filter>
    </ClInclude>
    <ClInclude Include="RemoveEnumMemberValue.h">
      <Filter>Header Files</Filter>
    </ClInclude>
    <ClInclude Include="RemoveNamespace.h">
      <Filter>Header Files</Filter>
    </ClInclude>
    <ClInclude Include="RemoveNestedFunction.h">
      <Filter>Header Files</Filter>
    </ClInclude>
    <ClInclude Include="RemovePointer.h">
      <Filter>Header Files</Filter>
    </ClInclude>
    <ClInclude Include="RemoveTrivialBaseTemplate.h">
      <Filter>Header Files</Filter>
    </ClInclude>
    <ClInclude Include="RemoveUnresolvedBase.h">
      <Filter>Header Files</Filter>
    </ClInclude>
    <ClInclude Include="RemoveUnusedEnumMember.h">
      <Filter>Header Files</Filter>
    </ClInclude>
    <ClInclude Include="RemoveUnusedFunction.h">
      <Filter>Header Files</Filter>
    </ClInclude>
    <ClInclude Include="RemoveUnusedOuterClass.h">
      <Filter>Header Files</Filter>
    </ClInclude>
    <ClInclude Include="RemoveUnusedStructField.h">
      <Filter>Header Files</Filter>
    </ClInclude>
    <ClInclude Include="RemoveUnusedVar.h">
      <Filter>Header Files</Filter>
    </ClInclude>
    <ClInclude Include="RenameClass.h">
      <Filter>Header Files</Filter>
    </ClInclude>
    <ClInclude Include="RenameCXXMethod.h">
      <Filter>Header Files</Filter>
    </ClInclude>
    <ClInclude Include="RenameFun.h">
      <Filter>Header Files</Filter>
    </ClInclude>
    <ClInclude Include="RenameParam.h">
      <Filter>Header Files</Filter>
    </ClInclude>
    <ClInclude Include="RenameVar.h">
      <Filter>Header Files</Filter>
    </ClInclude>
    <ClInclude Include="ReplaceArrayIndexVar.h">
      <Filter>Header Files</Filter>
    </ClInclude>
    <ClInclude Include="ReplaceCallExpr.h">
      <Filter>Header Files</Filter>
    </ClInclude>
    <ClInclude Include="ReplaceClassWithBaseTemplateSpec.h">
      <Filter>Header Files</Filter>
    </ClInclude>
    <ClInclude Include="ReplaceDependentName.h">
      <Filter>Header Files</Filter>
    </ClInclude>
    <ClInclude Include="ReplaceDependentTypedef.h">
      <Filter>Header Files</Filter>
    </ClInclude>
    <ClInclude Include="ReplaceDerivedClass.h">
      <Filter>Header Files</Filter>
    </ClInclude>
    <ClInclude Include="ReplaceFunctionDefWithDecl.h">
      <Filter>Header Files</Filter>
    </ClInclude>
    <ClInclude Include="ReplaceOneLevelTypedefType.h">
      <Filter>Header Files</Filter>
    </ClInclude>
    <ClInclude Include="ReplaceSimpleTypedef.h">
      <Filter>Header Files</Filter>
    </ClInclude>
    <ClInclude Include="ReplaceUndefinedFunction.h">
      <Filter>Header Files</Filter>
    </ClInclude>
    <ClInclude Include="ReturnVoid.h">
      <Filter>Header Files</Filter>
    </ClInclude>
    <ClInclude Include="RewriteUtils.h">
      <Filter>Header Files</Filter>
    </ClInclude>
    <ClInclude Include="SimpleInliner.h">
      <Filter>Header Files</Filter>
    </ClInclude>
    <ClInclude Include="SimplifyCallExpr.h">
      <Filter>Header Files</Filter>
    </ClInclude>
    <ClInclude Include="SimplifyCommaExpr.h">
      <Filter>Header Files</Filter>
    </ClInclude>
    <ClInclude Include="SimplifyDependentTypedef.h">
      <Filter>Header Files</Filter>
    </ClInclude>
    <ClInclude Include="SimplifyIf.h">
      <Filter>Header Files</Filter>
    </ClInclude>
    <ClInclude Include="SimplifyNestedClass.h">
      <Filter>Header Files</Filter>
    </ClInclude>
    <ClInclude Include="SimplifyRecursiveTemplateInstantiation.h">
      <Filter>Header Files</Filter>
    </ClInclude>
    <ClInclude Include="SimplifyStruct.h">
      <Filter>Header Files</Filter>
    </ClInclude>
    <ClInclude Include="SimplifyStructUnionDecl.h">
      <Filter>Header Files</Filter>
    </ClInclude>
    <ClInclude Include="TemplateArgToInt.h">
      <Filter>Header Files</Filter>
    </ClInclude>
    <ClInclude Include="TemplateNonTypeArgToInt.h">
      <Filter>Header Files</Filter>
    </ClInclude>
    <ClInclude Include="Transformation.h">
      <Filter>Header Files</Filter>
    </ClInclude>
    <ClInclude Include="TransformationManager.h">
      <Filter>Header Files</Filter>
    </ClInclude>
    <ClInclude Include="UnifyFunctionDecl.h">
      <Filter>Header Files</Filter>
    </ClInclude>
    <ClInclude Include="UnionToStruct.h">
      <Filter>Header Files</Filter>
    </ClInclude>
  </ItemGroup>
</Project>